
Microsoft Visual Studio Solution File, Format Version 12.00
# Visual Studio Version 17
VisualStudioVersion = 17.10.35122.118
MinimumVisualStudioVersion = 10.0.40219.1
Project("{FAE04EC0-301F-11D3-BF4B-00C04F79EFBC}") = "FavoritesMovieBackend", "FavoritesMovieBackend\FavoritesMovieBackend.csproj", "{03AE36B4-FBF2-4AEF-9724-3D4B91E8C7CB}"
EndProject
Global
	GlobalSection(SolutionConfigurationPlatforms) = preSolution
		Debug|Any CPU = Debug|Any CPU
		Release|Any CPU = Release|Any CPU
	EndGlobalSection
	GlobalSection(ProjectConfigurationPlatforms) = postSolution
		{03AE36B4-FBF2-4AEF-9724-3D4B91E8C7CB}.Debug|Any CPU.ActiveCfg = Debug|Any CPU
		{03AE36B4-FBF2-4AEF-9724-3D4B91E8C7CB}.Debug|Any CPU.Build.0 = Debug|Any CPU
		{03AE36B4-FBF2-4AEF-9724-3D4B91E8C7CB}.Release|Any CPU.ActiveCfg = Release|Any CPU
		{03AE36B4-FBF2-4AEF-9724-3D4B91E8C7CB}.Release|Any CPU.Build.0 = Release|Any CPU
	EndGlobalSection
	GlobalSection(SolutionProperties) = preSolution
		HideSolutionNode = FALSE
	EndGlobalSection
	GlobalSection(ExtensibilityGlobals) = postSolution
		SolutionGuid = {A6D298D8-D225-4CB6-8EF8-A055D3B2FE2E}
	EndGlobalSection
EndGlobal
